
Microsoft Visual Studio Solution File, Format Version 12.00
# Visual Studio Version 17
VisualStudioVersion = 17.7.33913.275
MinimumVisualStudioVersion = 10.0.40219.1
Project("{9A19103F-16F7-4668-BE54-9A1E7A4F7556}") = "MagicVilla_API", "MagicVilla_API\MagicVilla_API.csproj", "{9A7FC003-A5FC-46EB-85C7-E26209BDA9F3}"
EndProject
Global
	GlobalSection(SolutionConfigurationPlatforms) = preSolution
		Debug|Any CPU = Debug|Any CPU
		Release|Any CPU = Release|Any CPU
	EndGlobalSection
	GlobalSection(ProjectConfigurationPlatforms) = postSolution
		{9A7FC003-A5FC-46EB-85C7-E26209BDA9F3}.Debug|Any CPU.ActiveCfg = Debug|Any CPU
		{9A7FC003-A5FC-46EB-85C7-E26209BDA9F3}.Debug|Any CPU.Build.0 = Debug|Any CPU
		{9A7FC003-A5FC-46EB-85C7-E26209BDA9F3}.Release|Any CPU.ActiveCfg = Release|Any CPU
		{9A7FC003-A5FC-46EB-85C7-E26209BDA9F3}.Release|Any CPU.Build.0 = Release|Any CPU
	EndGlobalSection
	GlobalSection(SolutionProperties) = preSolution
		HideSolutionNode = FALSE
	EndGlobalSection
	GlobalSection(ExtensibilityGlobals) = postSolution
		SolutionGuid = {4123B6A8-6490-499F-98D8-228D3145D30E}
	EndGlobalSection
EndGlobal
